// !$*UTF8*$!
{
	archiveVersion = 1;
	classes = {
	};
	objectVersion = 46;
	objects = {

/* Begin PBXBuildFile section */
		D267B89B1DC89AC800C38410 /* main.m in Sources */ = {isa = PBXBuildFile; fileRef = D267B89A1DC89AC800C38410 /* main.m */; };
		D267B89E1DC89AC800C38410 /* AppDelegate.m in Sources */ = {isa = PBXBuildFile; fileRef = D267B89D1DC89AC800C38410 /* AppDelegate.m */; };
		D267B8A11DC89AC800C38410 /* ViewController.m in Sources */ = {isa = PBXBuildFile; fileRef = D267B8A01DC89AC800C38410 /* ViewController.m */; };
		D267B8A41DC89AC800C38410 /* Main.storyboard in Resources */ = {isa = PBXBuildFile; fileRef = D267B8A21DC89AC800C38410 /* Main.storyboard */; };
		D267B8A61DC89AC800C38410 /* Assets.xcassets in Resources */ = {isa = PBXBuildFile; fileRef = D267B8A51DC89AC800C38410 /* Assets.xcassets */; };
		D267B8A91DC89AC800C38410 /* LaunchScreen.storyboard in Resources */ = {isa = PBXBuildFile; fileRef = D267B8A71DC89AC800C38410 /* LaunchScreen.storyboard */; };
/* End PBXBuildFile section */

/* Begin PBXFileReference section */
		D267B8961DC89AC800C38410 /* InstaImageLoading.app */ = {isa = PBXFileReference; explicitFileType = wrapper.application; includeInIndex = 0; path = InstaImageLoading.app; sourceTree = BUILT_PRODUCTS_DIR; };
		D267B89A1DC89AC800C38410 /* main.m */ = {isa = PBXFileReference; lastKnownFileType = sourcecode.c.objc; path = main.m; sourceTree = "<group>"; };
		D267B89C1DC89AC800C38410 /* AppDelegate.h */ = {isa = PBXFileReference; lastKnownFileType = sourcecode.c.h; path = AppDelegate.h; sourceTree = "<group>"; };
		D267B89D1DC89AC800C38410 /* AppDelegate.m */ = {isa = PBXFileReference; lastKnownFileType = sourcecode.c.objc; path = AppDelegate.m; sourceTree = "<group>"; };
		D267B89F1DC89AC800C38410 /* ViewController.h */ = {isa = PBXFileReference; lastKnownFileType = sourcecode.c.h; path = ViewController.h; sourceTree = "<group>"; };
		D267B8A01DC89AC800C38410 /* ViewController.m */ = {isa = PBXFileReference; lastKnownFileType = sourcecode.c.objc; path = ViewController.m; sourceTree = "<group>"; };
		D267B8A31DC89AC800C38410 /* Base */ = {isa = PBXFileReference; lastKnownFileType = file.storyboard; name = Base; path = Base.lproj/Main.storyboard; sourceTree = "<group>"; };
		D267B8A51DC89AC800C38410 /* Assets.xcassets */ = {isa = PBXFileReference; lastKnownFileType = folder.assetcatalog; path = Assets.xcassets; sourceTree = "<group>"; };
		D267B8A81DC89AC800C38410 /* Base */ = {isa = PBXFileReference; lastKnownFileType = file.storyboard; name = Base; path = Base.lproj/LaunchScreen.storyboard; sourceTree = "<group>"; };
		D267B8AA1DC89AC800C38410 /* Info.plist */ = {isa = PBXFileReference; lastKnownFileType = text.plist.xml; path = Info.plist; sourceTree = "<group>"; };
/* End PBXFileReference section */

/* Begin PBXFrameworksBuildPhase section */
		D267B8931DC89AC800C38410 /* Frameworks */ = {
			isa = PBXFrameworksBuildPhase;
			buildActionMask = 2147483647;
			files = (
			);
			runOnlyForDeploymentPostprocessing = 0;
		};
/* End PBXFrameworksBuildPhase section */

/* Begin PBXGroup section */
		D267B88D1DC89AC800C38410 = {
			isa = PBXGroup;
			children = (
				D267B8981DC89AC800C38410 /* InstaImageLoading */,
				D267B8971DC89AC800C38410 /* Products */,
			);
			sourceTree = "<group>";
		};
		D267B8971DC89AC800C38410 /* Products */ = {
			isa = PBXGroup;
			children = (
				D267B8961DC89AC800C38410 /* InstaImageLoading.app */,
			);
			name = Products;
			sourceTree = "<group>";
		};
		D267B8981DC89AC800C38410 /* InstaImageLoading */ = {
			isa = PBXGroup;
			children = (
				D267B89C1DC89AC800C38410 /* AppDelegate.h */,
				D267B89D1DC89AC800C38410 /* AppDelegate.m */,
				D267B89F1DC89AC800C38410 /* ViewController.h */,
				D267B8A01DC89AC800C38410 /* ViewController.m */,
				D267B8A21DC89AC800C38410 /* Main.storyboard */,
				D267B8A51DC89AC800C38410 /* Assets.xcassets */,
				D267B8A71DC89AC800C38410 /* LaunchScreen.storyboard */,
				D267B8AA1DC89AC800C38410 /* Info.plist */,
				D267B8991DC89AC800C38410 /* Supporting Files */,
			);
			path = InstaImageLoading;
			sourceTree = "<group>";
		};
		D267B8991DC89AC800C38410 /* Supporting Files */ = {
			isa = PBXGroup;
			children = (
				D267B89A1DC89AC800C38410 /* main.m */,
			);
			name = "Supporting Files";
			sourceTree = "<group>";
		};
/* End PBXGroup section */

/* Begin PBXNativeTarget section */
		D267B8951DC89AC800C38410 /* InstaImageLoading */ = {
			isa = PBXNativeTarget;
			buildConfigurationList = D267B8AD1DC89AC800C38410 /* Build configuration list for PBXNativeTarget "InstaImageLoading" */;
			buildPhases = (
				D267B8921DC89AC800C38410 /* Sources */,
				D267B8931DC89AC800C38410 /* Frameworks */,
				D267B8941DC89AC800C38410 /* Resources */,
			);
			buildRules = (
			);
			dependencies = (
			);
			name = InstaImageLoading;
			productName = InstaImageLoading;
			productReference = D267B8961DC89AC800C38410 /* InstaImageLoading.app */;
			productType = "com.apple.product-type.application";
		};
/* End PBXNativeTarget section */

/* Begin PBXProject section */
		D267B88E1DC89AC800C38410 /* Project object */ = {
			isa = PBXProject;
			attributes = {
				LastUpgradeCheck = 0810;
				ORGANIZATIONNAME = ceuur;
				TargetAttributes = {
					D267B8951DC89AC800C38410 = {
						CreatedOnToolsVersion = 8.1;
						DevelopmentTeam = J9RL5XY53W;
						ProvisioningStyle = Automatic;
					};
				};
			};
			buildConfigurationList = D267B8911DC89AC800C38410 /* Build configuration list for PBXProject "InstaImageLoading" */;
			compatibilityVersion = "Xcode 3.2";
			developmentRegion = English;
			hasScannedForEncodings = 0;
			knownRegions = (
				en,
				Base,
			);
			mainGroup = D267B88D1DC89AC800C38410;
			productRefGroup = D267B8971DC89AC800C38410 /* Products */;
			projectDirPath = "";
			projectRoot = "";
			targets = (
				D267B8951DC89AC800C38410 /* InstaImageLoading */,
			);
		};
/* End PBXProject section */

/* Begin PBXResourcesBuildPhase section */
		D267B8941DC89AC800C38410 /* Resources */ = {
			isa = PBXResourcesBuildPhase;
			buildActionMask = 2147483647;
			files = (
				D267B8A91DC89AC800C38410 /* LaunchScreen.storyboard in Resources */,
				D267B8A61DC89AC800C38410 /* Assets.xcassets in Resources */,
				D267B8A41DC89AC800C38410 /* Main.storyboard in Resources */,
			);
			runOnlyForDeploymentPostprocessing = 0;
		};
/* End PBXResourcesBuildPhase section */

/* Begin PBXSourcesBuildPhase section */
		D267B8921DC89AC800C38410 /* Sources */ = {
			isa = PBXSourcesBuildPhase;
			buildActionMask = 2147483647;
			files = (
				D267B8A11DC89AC800C38410 /* ViewController.m in Sources */,
				D267B89E1DC89AC800C38410 /* AppDelegate.m in Sources */,
				D267B89B1DC89AC800C38410 /* main.m in Sources */,
			);
			runOnlyForDeploymentPostprocessing = 0;
		};
/* End PBXSourcesBuildPhase section */

/* Begin PBXVariantGroup section */
		D267B8A21DC89AC800C38410 /* Main.storyboard */ = {
			isa = PBXVariantGroup;
			children = (
				D267B8A31DC89AC800C38410 /* Base */,
			);
			name = Main.storyboard;
			sourceTree = "<group>";
		};
		D267B8A71DC89AC800C38410 /* LaunchScreen.storyboard */ = {
			isa = PBXVariantGroup;
			children = (
				D267B8A81DC89AC800C38410 /* Base */,
			);
			name = LaunchScreen.storyboard;
			sourceTree = "<group>";
		};
/* End PBXVariantGroup section */

/* Begin XCBuildConfiguration section */
		D267B8AB1DC89AC800C38410 /* Debug */ = {
			isa = XCBuildConfiguration;
			buildSettings = {
				ALWAYS_SEARCH_USER_PATHS = NO;
				CLANG_ANALYZER_NONNULL = YES;
				CLANG_CXX_LANGUAGE_STANDARD = "gnu++0x";
				CLANG_CXX_LIBRARY = "libc++";
				CLANG_ENABLE_MODULES = YES;
				CLANG_ENABLE_OBJC_ARC = YES;
				CLANG_WARN_BOOL_CONVERSION = YES;
				CLANG_WARN_CONSTANT_CONVERSION = YES;
				CLANG_WARN_DIRECT_OBJC_ISA_USAGE = YES_ERROR;
				CLANG_WARN_DOCUMENTATION_COMMENTS = YES;
				CLANG_WARN_EMPTY_BODY = YES;
				CLANG_WARN_ENUM_CONVERSION = YES;
				CLANG_WARN_INFINITE_RECURSION = YES;
				CLANG_WARN_INT_CONVERSION = YES;
				CLANG_WARN_OBJC_ROOT_CLASS = YES_ERROR;
				CLANG_WARN_SUSPICIOUS_MOVES = YES;
				CLANG_WARN_UNREACHABLE_CODE = YES;
				CLANG_WARN__DUPLICATE_METHOD_MATCH = YES;
				"CODE_SIGN_IDENTITY[sdk=iphoneos*]" = "iPhone Developer";
				COPY_PHASE_STRIP = NO;
				DEBUG_INFORMATION_FORMAT = dwarf;
				ENABLE_STRICT_OBJC_MSGSEND = YES;
				ENABLE_TESTABILITY = YES;
				GCC_C_LANGUAGE_STANDARD = gnu99;
				GCC_DYNAMIC_NO_PIC = NO;
				GCC_NO_COMMON_BLOCKS = YES;
				GCC_OPTIMIZATION_LEVEL = 0;
				GCC_PREPROCESSOR_DEFINITIONS = (
					"DEBUG=1",
					"$(inherited)",
				);
				GCC_WARN_64_TO_32_BIT_CONVERSION = YES;
				GCC_WARN_ABOUT_RETURN_TYPE = YES_ERROR;
				GCC_WARN_UNDECLARED_SELECTOR = YES;
				GCC_WARN_UNINITIALIZED_AUTOS = YES_AGGRESSIVE;
				GCC_WARN_UNUSED_FUNCTION = YES;
				GCC_WARN_UNUSED_VARIABLE = YES;
				IPHONEOS_DEPLOYMENT_TARGET = 10.1;
				MTL_ENABLE_DEBUG_INFO = YES;
				ONLY_ACTIVE_ARCH = YES;
				SDKROOT = iphoneos;
			};
			name = Debug;
		};
		D267B8AC1DC89AC800C38410 /* Release */ = {
			isa = XCBuildConfiguration;
			buildSettings = {
				ALWAYS_SEARCH_USER_PATHS = NO;
				CLANG_ANALYZER_NONNULL = YES;
				CLANG_CXX_LANGUAGE_STANDARD = "gnu++0x";
				CLANG_CXX_LIBRARY = "libc++";
				CLANG_ENABLE_MODULES = YES;
				CLANG_ENABLE_OBJC_ARC = YES;
				CLANG_WARN_BOOL_CONVERSION = YES;
				CLANG_WARN_CONSTANT_CONVERSION = YES;
				CLANG_WARN_DIRECT_OBJC_ISA_USAGE = YES_ERROR;
				CLANG_WARN_DOCUMENTATION_COMMENTS = YES;
				CLANG_WARN_EMPTY_BODY = YES;
				CLANG_WARN_ENUM_CONVERSION = YES;
				CLANG_WARN_INFINITE_RECURSION = YES;
				CLANG_WARN_INT_CONVERSION = YES;
				CLANG_WARN_OBJC_ROOT_CLASS = YES_ERROR;
				CLANG_WARN_SUSPICIOUS_MOVES = YES;
				CLANG_WARN_UNREACHABLE_CODE = YES;
				CLANG_WARN__DUPLICATE_METHOD_MATCH = YES;
				"CODE_SIGN_IDENTITY[sdk=iphoneos*]" = "iPhone Developer";
				COPY_PHASE_STRIP = NO;
				DEBUG_INFORMATION_FORMAT = "dwarf-with-dsym";
				ENABLE_NS_ASSERTIONS = NO;
				ENABLE_STRICT_OBJC_MSGSEND = YES;
				GCC_C_LANGUAGE_STANDARD = gnu99;
				GCC_NO_COMMON_BLOCKS = YES;
				GCC_WARN_64_TO_32_BIT_CONVERSION = YES;
				GCC_WARN_ABOUT_RETURN_TYPE = YES_ERROR;
				GCC_WARN_UNDECLARED_SELECTOR = YES;
				GCC_WARN_UNINITIALIZED_AUTOS = YES_AGGRESSIVE;
				GCC_WARN_UNUSED_FUNCTION = YES;
				GCC_WARN_UNUSED_VARIABLE = YES;
				IPHONEOS_DEPLOYMENT_TARGET = 10.1;
				MTL_ENABLE_DEBUG_INFO = NO;
				SDKROOT = iphoneos;
				VALIDATE_PRODUCT = YES;
			};
			name = Release;
		};
		D267B8AE1DC89AC800C38410 /* Debug */ = {
			isa = XCBuildConfiguration;
			buildSettings = {
				ASSETCATALOG_COMPILER_APPICON_NAME = AppIcon;
				DEVELOPMENT_TEAM = J9RL5XY53W;
				INFOPLIST_FILE = InstaImageLoading/Info.plist;
				LD_RUNPATH_SEARCH_PATHS = "$(inherited) @executable_path/Frameworks";
				PRODUCT_BUNDLE_IDENTIFIER = com.ceuur.InstaImageLoading;
				PRODUCT_NAME = "$(TARGET_NAME)";
			};
			name = Debug;
		};
		D267B8AF1DC89AC800C38410 /* Release */ = {
			isa = XCBuildConfiguration;
			buildSettings = {
				ASSETCATALOG_COMPILER_APPICON_NAME = AppIcon;
				DEVELOPMENT_TEAM = J9RL5XY53W;
				INFOPLIST_FILE = InstaImageLoading/Info.plist;
				LD_RUNPATH_SEARCH_PATHS = "$(inherited) @executable_path/Frameworks";
				PRODUCT_BUNDLE_IDENTIFIER = com.ceuur.InstaImageLoading;
				PRODUCT_NAME = "$(TARGET_NAME)";
			};
			name = Release;
		};
/* End XCBuildConfiguration section */

/* Begin XCConfigurationList section */
		D267B8911DC89AC800C38410 /* Build configuration list for PBXProject "InstaImageLoading" */ = {
			isa = XCConfigurationList;
			buildConfigurations = (
				D267B8AB1DC89AC800C38410 /* Debug */,
				D267B8AC1DC89AC800C38410 /* Release */,
			);
			defaultConfigurationIsVisible = 0;
			defaultConfigurationName = Release;
		};
		D267B8AD1DC89AC800C38410 /* Build configuration list for PBXNativeTarget "InstaImageLoading" */ = {
			isa = XCConfigurationList;
			buildConfigurations = (
				D267B8AE1DC89AC800C38410 /* Debug */,
				D267B8AF1DC89AC800C38410 /* Release */,
			);
			defaultConfigurationIsVisible = 0;
		};
/* End XCConfigurationList section */
	};
	rootObject = D267B88E1DC89AC800C38410 /* Project object */;
}
